// !$*UTF8*$!
{
	archiveVersion = 1;
	classes = {
	};
	objectVersion = 56;
	objects = {

/* Begin PBXBuildFile section */
		819AF4802BBD9BB200C57860 /* LOTRConverterApp.swift in Sources */ = {isa = PBXBuildFile; fileRef = 819AF47F2BBD9BB200C57860 /* LOTRConverterApp.swift */; };
		819AF4822BBD9BB200C57860 /* ContentView.swift in Sources */ = {isa = PBXBuildFile; fileRef = 819AF4812BBD9BB200C57860 /* ContentView.swift */; };
		819AF4842BBD9BB500C57860 /* Assets.xcassets in Resources */ = {isa = PBXBuildFile; fileRef = 819AF4832BBD9BB500C57860 /* Assets.xcassets */; };
		819AF4872BBD9BB500C57860 /* Preview Assets.xcassets in Resources */ = {isa = PBXBuildFile; fileRef = 819AF4862BBD9BB500C57860 /* Preview Assets.xcassets */; };
		819AF48E2BBD9D1A00C57860 /* exchangeinfo.rtf in Resources */ = {isa = PBXBuildFile; fileRef = 819AF48D2BBD9D1A00C57860 /* exchangeinfo.rtf */; };
		819AF4902BBDCB3000C57860 /* CurrencyInformation.swift in Sources */ = {isa = PBXBuildFile; fileRef = 819AF48F2BBDCB2F00C57860 /* CurrencyInformation.swift */; };
		819AF4922BBDD0EB00C57860 /* CurrencyRates.swift in Sources */ = {isa = PBXBuildFile; fileRef = 819AF4912BBDD0EB00C57860 /* CurrencyRates.swift */; };
		819AF4942BBDE5F600C57860 /* SelectCurrency.swift in Sources */ = {isa = PBXBuildFile; fileRef = 819AF4932BBDE5F600C57860 /* SelectCurrency.swift */; };
		819AF4962BBDE96D00C57860 /* CurrencyIcon.swift in Sources */ = {isa = PBXBuildFile; fileRef = 819AF4952BBDE96D00C57860 /* CurrencyIcon.swift */; };
		819AF4982BBE27F800C57860 /* CurrencyType.swift in Sources */ = {isa = PBXBuildFile; fileRef = 819AF4972BBE27F800C57860 /* CurrencyType.swift */; };
		819AF49A2BBF1E3300C57860 /* IconGrid.swift in Sources */ = {isa = PBXBuildFile; fileRef = 819AF4992BBF1E3300C57860 /* IconGrid.swift */; };
/* End PBXBuildFile section */

/* Begin PBXFileReference section */
		819AF47C2BBD9BB200C57860 /* LOTRConverter.app */ = {isa = PBXFileReference; explicitFileType = wrapper.application; includeInIndex = 0; path = LOTRConverter.app; sourceTree = BUILT_PRODUCTS_DIR; };
		819AF47F2BBD9BB200C57860 /* LOTRConverterApp.swift */ = {isa = PBXFileReference; lastKnownFileType = sourcecode.swift; path = LOTRConverterApp.swift; sourceTree = "<group>"; };
		819AF4812BBD9BB200C57860 /* ContentView.swift */ = {isa = PBXFileReference; lastKnownFileType = sourcecode.swift; path = ContentView.swift; sourceTree = "<group>"; };
		819AF4832BBD9BB500C57860 /* Assets.xcassets */ = {isa = PBXFileReference; lastKnownFileType = folder.assetcatalog; path = Assets.xcassets; sourceTree = "<group>"; };
		819AF4862BBD9BB500C57860 /* Preview Assets.xcassets */ = {isa = PBXFileReference; lastKnownFileType = folder.assetcatalog; path = "Preview Assets.xcassets"; sourceTree = "<group>"; };
		819AF48D2BBD9D1A00C57860 /* exchangeinfo.rtf */ = {isa = PBXFileReference; fileEncoding = 4; lastKnownFileType = text.rtf; path = exchangeinfo.rtf; sourceTree = "<group>"; };
		819AF48F2BBDCB2F00C57860 /* CurrencyInformation.swift */ = {isa = PBXFileReference; lastKnownFileType = sourcecode.swift; path = CurrencyInformation.swift; sourceTree = "<group>"; };
		819AF4912BBDD0EB00C57860 /* CurrencyRates.swift */ = {isa = PBXFileReference; lastKnownFileType = sourcecode.swift; path = CurrencyRates.swift; sourceTree = "<group>"; };
		819AF4932BBDE5F600C57860 /* SelectCurrency.swift */ = {isa = PBXFileReference; lastKnownFileType = sourcecode.swift; path = SelectCurrency.swift; sourceTree = "<group>"; };
		819AF4952BBDE96D00C57860 /* CurrencyIcon.swift */ = {isa = PBXFileReference; lastKnownFileType = sourcecode.swift; path = CurrencyIcon.swift; sourceTree = "<group>"; };
		819AF4972BBE27F800C57860 /* CurrencyType.swift */ = {isa = PBXFileReference; lastKnownFileType = sourcecode.swift; path = CurrencyType.swift; sourceTree = "<group>"; };
		819AF4992BBF1E3300C57860 /* IconGrid.swift */ = {isa = PBXFileReference; lastKnownFileType = sourcecode.swift; path = IconGrid.swift; sourceTree = "<group>"; };
/* End PBXFileReference section */

/* Begin PBXFrameworksBuildPhase section */
		819AF4792BBD9BB200C57860 /* Frameworks */ = {
			isa = PBXFrameworksBuildPhase;
			buildActionMask = 2147483647;
			files = (
			);
			runOnlyForDeploymentPostprocessing = 0;
		};
/* End PBXFrameworksBuildPhase section */

/* Begin PBXGroup section */
		819AF4732BBD9BB200C57860 = {
			isa = PBXGroup;
			children = (
				819AF47E2BBD9BB200C57860 /* LOTRConverter */,
				819AF47D2BBD9BB200C57860 /* Products */,
			);
			sourceTree = "<group>";
		};
		819AF47D2BBD9BB200C57860 /* Products */ = {
			isa = PBXGroup;
			children = (
				819AF47C2BBD9BB200C57860 /* LOTRConverter.app */,
			);
			name = Products;
			sourceTree = "<group>";
		};
		819AF47E2BBD9BB200C57860 /* LOTRConverter */ = {
			isa = PBXGroup;
			children = (
				819AF47F2BBD9BB200C57860 /* LOTRConverterApp.swift */,
				819AF4812BBD9BB200C57860 /* ContentView.swift */,
				819AF4932BBDE5F600C57860 /* SelectCurrency.swift */,
				819AF4992BBF1E3300C57860 /* IconGrid.swift */,
				819AF4972BBE27F800C57860 /* CurrencyType.swift */,
				819AF4952BBDE96D00C57860 /* CurrencyIcon.swift */,
				819AF48F2BBDCB2F00C57860 /* CurrencyInformation.swift */,
				819AF4912BBDD0EB00C57860 /* CurrencyRates.swift */,
				819AF4832BBD9BB500C57860 /* Assets.xcassets */,
				819AF48D2BBD9D1A00C57860 /* exchangeinfo.rtf */,
				819AF4852BBD9BB500C57860 /* Preview Content */,
			);
			path = LOTRConverter;
			sourceTree = "<group>";
		};
		819AF4852BBD9BB500C57860 /* Preview Content */ = {
			isa = PBXGroup;
			children = (
				819AF4862BBD9BB500C57860 /* Preview Assets.xcassets */,
			);
			path = "Preview Content";
			sourceTree = "<group>";
		};
/* End PBXGroup section */

/* Begin PBXNativeTarget section */
		819AF47B2BBD9BB200C57860 /* LOTRConverter */ = {
			isa = PBXNativeTarget;
			buildConfigurationList = 819AF48A2BBD9BB500C57860 /* Build configuration list for PBXNativeTarget "LOTRConverter" */;
			buildPhases = (
				819AF4782BBD9BB200C57860 /* Sources */,
				819AF4792BBD9BB200C57860 /* Frameworks */,
				819AF47A2BBD9BB200C57860 /* Resources */,
			);
			buildRules = (
			);
			dependencies = (
			);
			name = LOTRConverter;
			productName = LOTRConverter;
			productReference = 819AF47C2BBD9BB200C57860 /* LOTRConverter.app */;
			productType = "com.apple.product-type.application";
		};
/* End PBXNativeTarget section */

/* Begin PBXProject section */
		819AF4742BBD9BB200C57860 /* Project object */ = {
			isa = PBXProject;
			attributes = {
				BuildIndependentTargetsInParallel = 1;
				LastSwiftUpdateCheck = 1530;
				LastUpgradeCheck = 1530;
				TargetAttributes = {
					819AF47B2BBD9BB200C57860 = {
						CreatedOnToolsVersion = 15.3;
					};
				};
			};
			buildConfigurationList = 819AF4772BBD9BB200C57860 /* Build configuration list for PBXProject "LOTRConverter" */;
			compatibilityVersion = "Xcode 14.0";
			developmentRegion = en;
			hasScannedForEncodings = 0;
			knownRegions = (
				en,
				Base,
			);
			mainGroup = 819AF4732BBD9BB200C57860;
			productRefGroup = 819AF47D2BBD9BB200C57860 /* Products */;
			projectDirPath = "";
			projectRoot = "";
			targets = (
				819AF47B2BBD9BB200C57860 /* LOTRConverter */,
			);
		};
/* End PBXProject section */

/* Begin PBXResourcesBuildPhase section */
		819AF47A2BBD9BB200C57860 /* Resources */ = {
			isa = PBXResourcesBuildPhase;
			buildActionMask = 2147483647;
			files = (
				819AF48E2BBD9D1A00C57860 /* exchangeinfo.rtf in Resources */,
				819AF4872BBD9BB500C57860 /* Preview Assets.xcassets in Resources */,
				819AF4842BBD9BB500C57860 /* Assets.xcassets in Resources */,
			);
			runOnlyForDeploymentPostprocessing = 0;
		};
/* End PBXResourcesBuildPhase section */

/* Begin PBXSourcesBuildPhase section */
		819AF4782BBD9BB200C57860 /* Sources */ = {
			isa = PBXSourcesBuildPhase;
			buildActionMask = 2147483647;
			files = (
				819AF49A2BBF1E3300C57860 /* IconGrid.swift in Sources */,
				819AF4922BBDD0EB00C57860 /* CurrencyRates.swift in Sources */,
				819AF4942BBDE5F600C57860 /* SelectCurrency.swift in Sources */,
				819AF4982BBE27F800C57860 /* CurrencyType.swift in Sources */,
				819AF4902BBDCB3000C57860 /* CurrencyInformation.swift in Sources */,
				819AF4822BBD9BB200C57860 /* ContentView.swift in Sources */,
				819AF4802BBD9BB200C57860 /* LOTRConverterApp.swift in Sources */,
				819AF4962BBDE96D00C57860 /* CurrencyIcon.swift in Sources */,
			);
			runOnlyForDeploymentPostprocessing = 0;
		};
/* End PBXSourcesBuildPhase section */

/* Begin XCBuildConfiguration section */
		819AF4882BBD9BB500C57860 /* Debug */ = {
			isa = XCBuildConfiguration;
			buildSettings = {
				ALWAYS_SEARCH_USER_PATHS = NO;
				ASSETCATALOG_COMPILER_GENERATE_SWIFT_ASSET_SYMBOL_EXTENSIONS = YES;
				CLANG_ANALYZER_NONNULL = YES;
				CLANG_ANALYZER_NUMBER_OBJECT_CONVERSION = YES_AGGRESSIVE;
				CLANG_CXX_LANGUAGE_STANDARD = "gnu++20";
				CLANG_ENABLE_MODULES = YES;
				CLANG_ENABLE_OBJC_ARC = YES;
				CLANG_ENABLE_OBJC_WEAK = YES;
				CLANG_WARN_BLOCK_CAPTURE_AUTORELEASING = YES;
				CLANG_WARN_BOOL_CONVERSION = YES;
				CLANG_WARN_COMMA = YES;
				CLANG_WARN_CONSTANT_CONVERSION = YES;
				CLANG_WARN_DEPRECATED_OBJC_IMPLEMENTATIONS = YES;
				CLANG_WARN_DIRECT_OBJC_ISA_USAGE = YES_ERROR;
				CLANG_WARN_DOCUMENTATION_COMMENTS = YES;
				CLANG_WARN_EMPTY_BODY = YES;
				CLANG_WARN_ENUM_CONVERSION = YES;
				CLANG_WARN_INFINITE_RECURSION = YES;
				CLANG_WARN_INT_CONVERSION = YES;
				CLANG_WARN_NON_LITERAL_NULL_CONVERSION = YES;
				CLANG_WARN_OBJC_IMPLICIT_RETAIN_SELF = YES;
				CLANG_WARN_OBJC_LITERAL_CONVERSION = YES;
				CLANG_WARN_OBJC_ROOT_CLASS = YES_ERROR;
				CLANG_WARN_QUOTED_INCLUDE_IN_FRAMEWORK_HEADER = YES;
				CLANG_WARN_RANGE_LOOP_ANALYSIS = YES;
				CLANG_WARN_STRICT_PROTOTYPES = YES;
				CLANG_WARN_SUSPICIOUS_MOVE = YES;
				CLANG_WARN_UNGUARDED_AVAILABILITY = YES_AGGRESSIVE;
				CLANG_WARN_UNREACHABLE_CODE = YES;
				CLANG_WARN__DUPLICATE_METHOD_MATCH = YES;
				COPY_PHASE_STRIP = NO;
				DEBUG_INFORMATION_FORMAT = dwarf;
				ENABLE_STRICT_OBJC_MSGSEND = YES;
				ENABLE_TESTABILITY = YES;
				ENABLE_USER_SCRIPT_SANDBOXING = YES;
				GCC_C_LANGUAGE_STANDARD = gnu17;
				GCC_DYNAMIC_NO_PIC = NO;
				GCC_NO_COMMON_BLOCKS = YES;
				GCC_OPTIMIZATION_LEVEL = 0;
				GCC_PREPROCESSOR_DEFINITIONS = (
					"DEBUG=1",
					"$(inherited)",
				);
				GCC_WARN_64_TO_32_BIT_CONVERSION = YES;
				GCC_WARN_ABOUT_RETURN_TYPE = YES_ERROR;
				GCC_WARN_UNDECLARED_SELECTOR = YES;
				GCC_WARN_UNINITIALIZED_AUTOS = YES_AGGRESSIVE;
				GCC_WARN_UNUSED_FUNCTION = YES;
				GCC_WARN_UNUSED_VARIABLE = YES;
				IPHONEOS_DEPLOYMENT_TARGET = 17.4;
				LOCALIZATION_PREFERS_STRING_CATALOGS = YES;
				MTL_ENABLE_DEBUG_INFO = INCLUDE_SOURCE;
				MTL_FAST_MATH = YES;
				ONLY_ACTIVE_ARCH = YES;
				SDKROOT = iphoneos;
				SWIFT_ACTIVE_COMPILATION_CONDITIONS = "DEBUG $(inherited)";
				SWIFT_OPTIMIZATION_LEVEL = "-Onone";
			};
			name = Debug;
		};
		819AF4892BBD9BB500C57860 /* Release */ = {
			isa = XCBuildConfiguration;
			buildSettings = {
				ALWAYS_SEARCH_USER_PATHS = NO;
				ASSETCATALOG_COMPILER_GENERATE_SWIFT_ASSET_SYMBOL_EXTENSIONS = YES;
				CLANG_ANALYZER_NONNULL = YES;
				CLANG_ANALYZER_NUMBER_OBJECT_CONVERSION = YES_AGGRESSIVE;
				CLANG_CXX_LANGUAGE_STANDARD = "gnu++20";
				CLANG_ENABLE_MODULES = YES;
				CLANG_ENABLE_OBJC_ARC = YES;
				CLANG_ENABLE_OBJC_WEAK = YES;
				CLANG_WARN_BLOCK_CAPTURE_AUTORELEASING = YES;
				CLANG_WARN_BOOL_CONVERSION = YES;
				CLANG_WARN_COMMA = YES;
				CLANG_WARN_CONSTANT_CONVERSION = YES;
				CLANG_WARN_DEPRECATED_OBJC_IMPLEMENTATIONS = YES;
				CLANG_WARN_DIRECT_OBJC_ISA_USAGE = YES_ERROR;
				CLANG_WARN_DOCUMENTATION_COMMENTS = YES;
				CLANG_WARN_EMPTY_BODY = YES;
				CLANG_WARN_ENUM_CONVERSION = YES;
				CLANG_WARN_INFINITE_RECURSION = YES;
				CLANG_WARN_INT_CONVERSION = YES;
				CLANG_WARN_NON_LITERAL_NULL_CONVERSION = YES;
				CLANG_WARN_OBJC_IMPLICIT_RETAIN_SELF = YES;
				CLANG_WARN_OBJC_LITERAL_CONVERSION = YES;
				CLANG_WARN_OBJC_ROOT_CLASS = YES_ERROR;
				CLANG_WARN_QUOTED_INCLUDE_IN_FRAMEWORK_HEADER = YES;
				CLANG_WARN_RANGE_LOOP_ANALYSIS = YES;
				CLANG_WARN_STRICT_PROTOTYPES = YES;
				CLANG_WARN_SUSPICIOUS_MOVE = YES;
				CLANG_WARN_UNGUARDED_AVAILABILITY = YES_AGGRESSIVE;
				CLANG_WARN_UNREACHABLE_CODE = YES;
				CLANG_WARN__DUPLICATE_METHOD_MATCH = YES;
				COPY_PHASE_STRIP = NO;
				DEBUG_INFORMATION_FORMAT = "dwarf-with-dsym";
				ENABLE_NS_ASSERTIONS = NO;
				ENABLE_STRICT_OBJC_MSGSEND = YES;
				ENABLE_USER_SCRIPT_SANDBOXING = YES;
				GCC_C_LANGUAGE_STANDARD = gnu17;
				GCC_NO_COMMON_BLOCKS = YES;
				GCC_WARN_64_TO_32_BIT_CONVERSION = YES;
				GCC_WARN_ABOUT_RETURN_TYPE = YES_ERROR;
				GCC_WARN_UNDECLARED_SELECTOR = YES;
				GCC_WARN_UNINITIALIZED_AUTOS = YES_AGGRESSIVE;
				GCC_WARN_UNUSED_FUNCTION = YES;
				GCC_WARN_UNUSED_VARIABLE = YES;
				IPHONEOS_DEPLOYMENT_TARGET = 17.4;
				LOCALIZATION_PREFERS_STRING_CATALOGS = YES;
				MTL_ENABLE_DEBUG_INFO = NO;
				MTL_FAST_MATH = YES;
				SDKROOT = iphoneos;
				SWIFT_COMPILATION_MODE = wholemodule;
				VALIDATE_PRODUCT = YES;
			};
			name = Release;
		};
		819AF48B2BBD9BB500C57860 /* Debug */ = {
			isa = XCBuildConfiguration;
			buildSettings = {
				ASSETCATALOG_COMPILER_APPICON_NAME = AppIcon;
				ASSETCATALOG_COMPILER_GLOBAL_ACCENT_COLOR_NAME = AccentColor;
				CODE_SIGN_STYLE = Automatic;
				CURRENT_PROJECT_VERSION = 1;
				DEVELOPMENT_ASSET_PATHS = "\"LOTRConverter/Preview Content\"";
				DEVELOPMENT_TEAM = 7L2B356GHZ;
				ENABLE_PREVIEWS = YES;
				GENERATE_INFOPLIST_FILE = YES;
				INFOPLIST_KEY_UIApplicationSceneManifest_Generation = YES;
				INFOPLIST_KEY_UIApplicationSupportsIndirectInputEvents = YES;
				INFOPLIST_KEY_UILaunchScreen_Generation = YES;
				INFOPLIST_KEY_UISupportedInterfaceOrientations_iPad = "UIInterfaceOrientationPortrait UIInterfaceOrientationPortraitUpsideDown UIInterfaceOrientationLandscapeLeft UIInterfaceOrientationLandscapeRight";
				INFOPLIST_KEY_UISupportedInterfaceOrientations_iPhone = "UIInterfaceOrientationPortrait UIInterfaceOrientationLandscapeLeft UIInterfaceOrientationLandscapeRight";
				LD_RUNPATH_SEARCH_PATHS = (
					"$(inherited)",
					"@executable_path/Frameworks",
				);
				MARKETING_VERSION = 1.0;
				PRODUCT_BUNDLE_IDENTIFIER = "com.aman-giri.LOTRConverter";
				PRODUCT_NAME = "$(TARGET_NAME)";
				SWIFT_EMIT_LOC_STRINGS = YES;
				SWIFT_VERSION = 5.0;
				TARGETED_DEVICE_FAMILY = "1,2";
			};
			name = Debug;
		};
		819AF48C2BBD9BB500C57860 /* Release */ = {
			isa = XCBuildConfiguration;
			buildSettings = {
				ASSETCATALOG_COMPILER_APPICON_NAME = AppIcon;
				ASSETCATALOG_COMPILER_GLOBAL_ACCENT_COLOR_NAME = AccentColor;
				CODE_SIGN_STYLE = Automatic;
				CURRENT_PROJECT_VERSION = 1;
				DEVELOPMENT_ASSET_PATHS = "\"LOTRConverter/Preview Content\"";
				DEVELOPMENT_TEAM = 7L2B356GHZ;
				ENABLE_PREVIEWS = YES;
				GENERATE_INFOPLIST_FILE = YES;
				INFOPLIST_KEY_UIApplicationSceneManifest_Generation = YES;
				INFOPLIST_KEY_UIApplicationSupportsIndirectInputEvents = YES;
				INFOPLIST_KEY_UILaunchScreen_Generation = YES;
				INFOPLIST_KEY_UISupportedInterfaceOrientations_iPad = "UIInterfaceOrientationPortrait UIInterfaceOrientationPortraitUpsideDown UIInterfaceOrientationLandscapeLeft UIInterfaceOrientationLandscapeRight";
				INFOPLIST_KEY_UISupportedInterfaceOrientations_iPhone = "UIInterfaceOrientationPortrait UIInterfaceOrientationLandscapeLeft UIInterfaceOrientationLandscapeRight";
				LD_RUNPATH_SEARCH_PATHS = (
					"$(inherited)",
					"@executable_path/Frameworks",
				);
				MARKETING_VERSION = 1.0;
				PRODUCT_BUNDLE_IDENTIFIER = "com.aman-giri.LOTRConverter";
				PRODUCT_NAME = "$(TARGET_NAME)";
				SWIFT_EMIT_LOC_STRINGS = YES;
				SWIFT_VERSION = 5.0;
				TARGETED_DEVICE_FAMILY = "1,2";
			};
			name = Release;
		};
/* End XCBuildConfiguration section */

/* Begin XCConfigurationList section */
		819AF4772BBD9BB200C57860 /* Build configuration list for PBXProject "LOTRConverter" */ = {
			isa = XCConfigurationList;
			buildConfigurations = (
				819AF4882BBD9BB500C57860 /* Debug */,
				819AF4892BBD9BB500C57860 /* Release */,
			);
			defaultConfigurationIsVisible = 0;
			defaultConfigurationName = Release;
		};
		819AF48A2BBD9BB500C57860 /* Build configuration list for PBXNativeTarget "LOTRConverter" */ = {
			isa = XCConfigurationList;
			buildConfigurations = (
				819AF48B2BBD9BB500C57860 /* Debug */,
				819AF48C2BBD9BB500C57860 /* Release */,
			);
			defaultConfigurationIsVisible = 0;
			defaultConfigurationName = Release;
		};
/* End XCConfigurationList section */
	};
	rootObject = 819AF4742BBD9BB200C57860 /* Project object */;
}
